// !$*UTF8*$!
{
	archiveVersion = 1;
	classes = {
	};
	objectVersion = 50;
	objects = {

/* Begin PBXBuildFile section */
		2D644E1A2204B632005ACF0A /* AppDelegate.swift in Sources */ = {isa = PBXBuildFile; fileRef = 2D644E192204B632005ACF0A /* AppDelegate.swift */; };
		2D644E1C2204B632005ACF0A /* ViewController.swift in Sources */ = {isa = PBXBuildFile; fileRef = 2D644E1B2204B632005ACF0A /* ViewController.swift */; };
		2D644E1F2204B632005ACF0A /* Main.storyboard in Resources */ = {isa = PBXBuildFile; fileRef = 2D644E1D2204B632005ACF0A /* Main.storyboard */; };
		2D644E212204B635005ACF0A /* Assets.xcassets in Resources */ = {isa = PBXBuildFile; fileRef = 2D644E202204B635005ACF0A /* Assets.xcassets */; };
		2D644E242204B635005ACF0A /* LaunchScreen.storyboard in Resources */ = {isa = PBXBuildFile; fileRef = 2D644E222204B635005ACF0A /* LaunchScreen.storyboard */; };
		2D644E2F2204B636005ACF0A /* TipsterTests.swift in Sources */ = {isa = PBXBuildFile; fileRef = 2D644E2E2204B636005ACF0A /* TipsterTests.swift */; };
		2D644E3A2204B636005ACF0A /* TipsterUITests.swift in Sources */ = {isa = PBXBuildFile; fileRef = 2D644E392204B636005ACF0A /* TipsterUITests.swift */; };
/* End PBXBuildFile section */

/* Begin PBXContainerItemProxy section */
		2D644E2B2204B636005ACF0A /* PBXContainerItemProxy */ = {
			isa = PBXContainerItemProxy;
			containerPortal = 2D644E0E2204B631005ACF0A /* Project object */;
			proxyType = 1;
			remoteGlobalIDString = 2D644E152204B631005ACF0A;
			remoteInfo = Tipster;
		};
		2D644E362204B636005ACF0A /* PBXContainerItemProxy */ = {
			isa = PBXContainerItemProxy;
			containerPortal = 2D644E0E2204B631005ACF0A /* Project object */;
			proxyType = 1;
			remoteGlobalIDString = 2D644E152204B631005ACF0A;
			remoteInfo = Tipster;
		};
/* End PBXContainerItemProxy section */

/* Begin PBXFileReference section */
		2D644E162204B631005ACF0A /* Tipster.app */ = {isa = PBXFileReference; explicitFileType = wrapper.application; includeInIndex = 0; path = Tipster.app; sourceTree = BUILT_PRODUCTS_DIR; };
		2D644E192204B632005ACF0A /* AppDelegate.swift */ = {isa = PBXFileReference; lastKnownFileType = sourcecode.swift; path = AppDelegate.swift; sourceTree = "<group>"; };
		2D644E1B2204B632005ACF0A /* ViewController.swift */ = {isa = PBXFileReference; lastKnownFileType = sourcecode.swift; path = ViewController.swift; sourceTree = "<group>"; };
		2D644E1E2204B632005ACF0A /* Base */ = {isa = PBXFileReference; lastKnownFileType = file.storyboard; name = Base; path = Base.lproj/Main.storyboard; sourceTree = "<group>"; };
		2D644E202204B635005ACF0A /* Assets.xcassets */ = {isa = PBXFileReference; lastKnownFileType = folder.assetcatalog; path = Assets.xcassets; sourceTree = "<group>"; };
		2D644E232204B635005ACF0A /* Base */ = {isa = PBXFileReference; lastKnownFileType = file.storyboard; name = Base; path = Base.lproj/LaunchScreen.storyboard; sourceTree = "<group>"; };
		2D644E252204B635005ACF0A /* Info.plist */ = {isa = PBXFileReference; lastKnownFileType = text.plist.xml; path = Info.plist; sourceTree = "<group>"; };
		2D644E2A2204B636005ACF0A /* TipsterTests.xctest */ = {isa = PBXFileReference; explicitFileType = wrapper.cfbundle; includeInIndex = 0; path = TipsterTests.xctest; sourceTree = BUILT_PRODUCTS_DIR; };
		2D644E2E2204B636005ACF0A /* TipsterTests.swift */ = {isa = PBXFileReference; lastKnownFileType = sourcecode.swift; path = TipsterTests.swift; sourceTree = "<group>"; };
		2D644E302204B636005ACF0A /* Info.plist */ = {isa = PBXFileReference; lastKnownFileType = text.plist.xml; path = Info.plist; sourceTree = "<group>"; };
		2D644E352204B636005ACF0A /* TipsterUITests.xctest */ = {isa = PBXFileReference; explicitFileType = wrapper.cfbundle; includeInIndex = 0; path = TipsterUITests.xctest; sourceTree = BUILT_PRODUCTS_DIR; };
		2D644E392204B636005ACF0A /* TipsterUITests.swift */ = {isa = PBXFileReference; lastKnownFileType = sourcecode.swift; path = TipsterUITests.swift; sourceTree = "<group>"; };
		2D644E3B2204B636005ACF0A /* Info.plist */ = {isa = PBXFileReference; lastKnownFileType = text.plist.xml; path = Info.plist; sourceTree = "<group>"; };
/* End PBXFileReference section */

/* Begin PBXFrameworksBuildPhase section */
		2D644E132204B631005ACF0A /* Frameworks */ = {
			isa = PBXFrameworksBuildPhase;
			buildActionMask = 2147483647;
			files = (
			);
			runOnlyForDeploymentPostprocessing = 0;
		};
		2D644E272204B636005ACF0A /* Frameworks */ = {
			isa = PBXFrameworksBuildPhase;
			buildActionMask = 2147483647;
			files = (
			);
			runOnlyForDeploymentPostprocessing = 0;
		};
		2D644E322204B636005ACF0A /* Frameworks */ = {
			isa = PBXFrameworksBuildPhase;
			buildActionMask = 2147483647;
			files = (
			);
			runOnlyForDeploymentPostprocessing = 0;
		};
/* End PBXFrameworksBuildPhase section */

/* Begin PBXGroup section */
		2D644E0D2204B631005ACF0A = {
			isa = PBXGroup;
			children = (
				2D644E182204B631005ACF0A /* Tipster */,
				2D644E2D2204B636005ACF0A /* TipsterTests */,
				2D644E382204B636005ACF0A /* TipsterUITests */,
				2D644E172204B631005ACF0A /* Products */,
			);
			sourceTree = "<group>";
		};
		2D644E172204B631005ACF0A /* Products */ = {
			isa = PBXGroup;
			children = (
				2D644E162204B631005ACF0A /* Tipster.app */,
				2D644E2A2204B636005ACF0A /* TipsterTests.xctest */,
				2D644E352204B636005ACF0A /* TipsterUITests.xctest */,
			);
			name = Products;
			sourceTree = "<group>";
		};
		2D644E182204B631005ACF0A /* Tipster */ = {
			isa = PBXGroup;
			children = (
				2D644E192204B632005ACF0A /* AppDelegate.swift */,
				2D644E1B2204B632005ACF0A /* ViewController.swift */,
				2D644E1D2204B632005ACF0A /* Main.storyboard */,
				2D644E202204B635005ACF0A /* Assets.xcassets */,
				2D644E222204B635005ACF0A /* LaunchScreen.storyboard */,
				2D644E252204B635005ACF0A /* Info.plist */,
			);
			path = Tipster;
			sourceTree = "<group>";
		};
		2D644E2D2204B636005ACF0A /* TipsterTests */ = {
			isa = PBXGroup;
			children = (
				2D644E2E2204B636005ACF0A /* TipsterTests.swift */,
				2D644E302204B636005ACF0A /* Info.plist */,
			);
			path = TipsterTests;
			sourceTree = "<group>";
		};
		2D644E382204B636005ACF0A /* TipsterUITests */ = {
			isa = PBXGroup;
			children = (
				2D644E392204B636005ACF0A /* TipsterUITests.swift */,
				2D644E3B2204B636005ACF0A /* Info.plist */,
			);
			path = TipsterUITests;
			sourceTree = "<group>";
		};
/* End PBXGroup section */

/* Begin PBXNativeTarget section */
		2D644E152204B631005ACF0A /* Tipster */ = {
			isa = PBXNativeTarget;
			buildConfigurationList = 2D644E3E2204B636005ACF0A /* Build configuration list for PBXNativeTarget "Tipster" */;
			buildPhases = (
				2D644E122204B631005ACF0A /* Sources */,
				2D644E132204B631005ACF0A /* Frameworks */,
				2D644E142204B631005ACF0A /* Resources */,
			);
			buildRules = (
			);
			dependencies = (
			);
			name = Tipster;
			productName = Tipster;
			productReference = 2D644E162204B631005ACF0A /* Tipster.app */;
			productType = "com.apple.product-type.application";
		};
		2D644E292204B636005ACF0A /* TipsterTests */ = {
			isa = PBXNativeTarget;
			buildConfigurationList = 2D644E412204B636005ACF0A /* Build configuration list for PBXNativeTarget "TipsterTests" */;
			buildPhases = (
				2D644E262204B636005ACF0A /* Sources */,
				2D644E272204B636005ACF0A /* Frameworks */,
				2D644E282204B636005ACF0A /* Resources */,
			);
			buildRules = (
			);
			dependencies = (
				2D644E2C2204B636005ACF0A /* PBXTargetDependency */,
			);
			name = TipsterTests;
			productName = TipsterTests;
			productReference = 2D644E2A2204B636005ACF0A /* TipsterTests.xctest */;
			productType = "com.apple.product-type.bundle.unit-test";
		};
		2D644E342204B636005ACF0A /* TipsterUITests */ = {
			isa = PBXNativeTarget;
			buildConfigurationList = 2D644E442204B636005ACF0A /* Build configuration list for PBXNativeTarget "TipsterUITests" */;
			buildPhases = (
				2D644E312204B636005ACF0A /* Sources */,
				2D644E322204B636005ACF0A /* Frameworks */,
				2D644E332204B636005ACF0A /* Resources */,
			);
			buildRules = (
			);
			dependencies = (
				2D644E372204B636005ACF0A /* PBXTargetDependency */,
			);
			name = TipsterUITests;
			productName = TipsterUITests;
			productReference = 2D644E352204B636005ACF0A /* TipsterUITests.xctest */;
			productType = "com.apple.product-type.bundle.ui-testing";
		};
/* End PBXNativeTarget section */

/* Begin PBXProject section */
		2D644E0E2204B631005ACF0A /* Project object */ = {
			isa = PBXProject;
			attributes = {
				LastSwiftUpdateCheck = 1010;
				LastUpgradeCheck = 1010;
				ORGANIZATIONNAME = damianserrato;
				TargetAttributes = {
					2D644E152204B631005ACF0A = {
						CreatedOnToolsVersion = 10.1;
					};
					2D644E292204B636005ACF0A = {
						CreatedOnToolsVersion = 10.1;
						TestTargetID = 2D644E152204B631005ACF0A;
					};
					2D644E342204B636005ACF0A = {
						CreatedOnToolsVersion = 10.1;
						TestTargetID = 2D644E152204B631005ACF0A;
					};
				};
			};
			buildConfigurationList = 2D644E112204B631005ACF0A /* Build configuration list for PBXProject "Tipster" */;
			compatibilityVersion = "Xcode 9.3";
			developmentRegion = en;
			hasScannedForEncodings = 0;
			knownRegions = (
				en,
				Base,
			);
			mainGroup = 2D644E0D2204B631005ACF0A;
			productRefGroup = 2D644E172204B631005ACF0A /* Products */;
			projectDirPath = "";
			projectRoot = "";
			targets = (
				2D644E152204B631005ACF0A /* Tipster */,
				2D644E292204B636005ACF0A /* TipsterTests */,
				2D644E342204B636005ACF0A /* TipsterUITests */,
			);
		};
/* End PBXProject section */

/* Begin PBXResourcesBuildPhase section */
		2D644E142204B631005ACF0A /* Resources */ = {
			isa = PBXResourcesBuildPhase;
			buildActionMask = 2147483647;
			files = (
				2D644E242204B635005ACF0A /* LaunchScreen.storyboard in Resources */,
				2D644E212204B635005ACF0A /* Assets.xcassets in Resources */,
				2D644E1F2204B632005ACF0A /* Main.storyboard in Resources */,
			);
			runOnlyForDeploymentPostprocessing = 0;
		};
		2D644E282204B636005ACF0A /* Resources */ = {
			isa = PBXResourcesBuildPhase;
			buildActionMask = 2147483647;
			files = (
			);
			runOnlyForDeploymentPostprocessing = 0;
		};
		2D644E332204B636005ACF0A /* Resources */ = {
			isa = PBXResourcesBuildPhase;
			buildActionMask = 2147483647;
			files = (
			);
			runOnlyForDeploymentPostprocessing = 0;
		};
/* End PBXResourcesBuildPhase section */

/* Begin PBXSourcesBuildPhase section */
		2D644E122204B631005ACF0A /* Sources */ = {
			isa = PBXSourcesBuildPhase;
			buildActionMask = 2147483647;
			files = (
				2D644E1C2204B632005ACF0A /* ViewController.swift in Sources */,
				2D644E1A2204B632005ACF0A /* AppDelegate.swift in Sources */,
			);
			runOnlyForDeploymentPostprocessing = 0;
		};
		2D644E262204B636005ACF0A /* Sources */ = {
			isa = PBXSourcesBuildPhase;
			buildActionMask = 2147483647;
			files = (
				2D644E2F2204B636005ACF0A /* TipsterTests.swift in Sources */,
			);
			runOnlyForDeploymentPostprocessing = 0;
		};
		2D644E312204B636005ACF0A /* Sources */ = {
			isa = PBXSourcesBuildPhase;
			buildActionMask = 2147483647;
			files = (
				2D644E3A2204B636005ACF0A /* TipsterUITests.swift in Sources */,
			);
			runOnlyForDeploymentPostprocessing = 0;
		};
/* End PBXSourcesBuildPhase section */

/* Begin PBXTargetDependency section */
		2D644E2C2204B636005ACF0A /* PBXTargetDependency */ = {
			isa = PBXTargetDependency;
			target = 2D644E152204B631005ACF0A /* Tipster */;
			targetProxy = 2D644E2B2204B636005ACF0A /* PBXContainerItemProxy */;
		};
		2D644E372204B636005ACF0A /* PBXTargetDependency */ = {
			isa = PBXTargetDependency;
			target = 2D644E152204B631005ACF0A /* Tipster */;
			targetProxy = 2D644E362204B636005ACF0A /* PBXContainerItemProxy */;
		};
/* End PBXTargetDependency section */

/* Begin PBXVariantGroup section */
		2D644E1D2204B632005ACF0A /* Main.storyboard */ = {
			isa = PBXVariantGroup;
			children = (
				2D644E1E2204B632005ACF0A /* Base */,
			);
			name = Main.storyboard;
			sourceTree = "<group>";
		};
		2D644E222204B635005ACF0A /* LaunchScreen.storyboard */ = {
			isa = PBXVariantGroup;
			children = (
				2D644E232204B635005ACF0A /* Base */,
			);
			name = LaunchScreen.storyboard;
			sourceTree = "<group>";
		};
/* End PBXVariantGroup section */

/* Begin XCBuildConfiguration section */
		2D644E3C2204B636005ACF0A /* Debug */ = {
			isa = XCBuildConfiguration;
			buildSettings = {
				ALWAYS_SEARCH_USER_PATHS = NO;
				CLANG_ANALYZER_NONNULL = YES;
				CLANG_ANALYZER_NUMBER_OBJECT_CONVERSION = YES_AGGRESSIVE;
				CLANG_CXX_LANGUAGE_STANDARD = "gnu++14";
				CLANG_CXX_LIBRARY = "libc++";
				CLANG_ENABLE_MODULES = YES;
				CLANG_ENABLE_OBJC_ARC = YES;
				CLANG_ENABLE_OBJC_WEAK = YES;
				CLANG_WARN_BLOCK_CAPTURE_AUTORELEASING = YES;
				CLANG_WARN_BOOL_CONVERSION = YES;
				CLANG_WARN_COMMA = YES;
				CLANG_WARN_CONSTANT_CONVERSION = YES;
				CLANG_WARN_DEPRECATED_OBJC_IMPLEMENTATIONS = YES;
				CLANG_WARN_DIRECT_OBJC_ISA_USAGE = YES_ERROR;
				CLANG_WARN_DOCUMENTATION_COMMENTS = YES;
				CLANG_WARN_EMPTY_BODY = YES;
				CLANG_WARN_ENUM_CONVERSION = YES;
				CLANG_WARN_INFINITE_RECURSION = YES;
				CLANG_WARN_INT_CONVERSION = YES;
				CLANG_WARN_NON_LITERAL_NULL_CONVERSION = YES;
				CLANG_WARN_OBJC_IMPLICIT_RETAIN_SELF = YES;
				CLANG_WARN_OBJC_LITERAL_CONVERSION = YES;
				CLANG_WARN_OBJC_ROOT_CLASS = YES_ERROR;
				CLANG_WARN_RANGE_LOOP_ANALYSIS = YES;
				CLANG_WARN_STRICT_PROTOTYPES = YES;
				CLANG_WARN_SUSPICIOUS_MOVE = YES;
				CLANG_WARN_UNGUARDED_AVAILABILITY = YES_AGGRESSIVE;
				CLANG_WARN_UNREACHABLE_CODE = YES;
				CLANG_WARN__DUPLICATE_METHOD_MATCH = YES;
				CODE_SIGN_IDENTITY = "iPhone Developer";
				COPY_PHASE_STRIP = NO;
				DEBUG_INFORMATION_FORMAT = dwarf;
				ENABLE_STRICT_OBJC_MSGSEND = YES;
				ENABLE_TESTABILITY = YES;
				GCC_C_LANGUAGE_STANDARD = gnu11;
				GCC_DYNAMIC_NO_PIC = NO;
				GCC_NO_COMMON_BLOCKS = YES;
				GCC_OPTIMIZATION_LEVEL = 0;
				GCC_PREPROCESSOR_DEFINITIONS = (
					"DEBUG=1",
					"$(inherited)",
				);
				GCC_WARN_64_TO_32_BIT_CONVERSION = YES;
				GCC_WARN_ABOUT_RETURN_TYPE = YES_ERROR;
				GCC_WARN_UNDECLARED_SELECTOR = YES;
				GCC_WARN_UNINITIALIZED_AUTOS = YES_AGGRESSIVE;
				GCC_WARN_UNUSED_FUNCTION = YES;
				GCC_WARN_UNUSED_VARIABLE = YES;
				IPHONEOS_DEPLOYMENT_TARGET = 12.1;
				MTL_ENABLE_DEBUG_INFO = INCLUDE_SOURCE;
				MTL_FAST_MATH = YES;
				ONLY_ACTIVE_ARCH = YES;
				SDKROOT = iphoneos;
				SWIFT_ACTIVE_COMPILATION_CONDITIONS = DEBUG;
				SWIFT_OPTIMIZATION_LEVEL = "-Onone";
			};
			name = Debug;
		};
		2D644E3D2204B636005ACF0A /* Release */ = {
			isa = XCBuildConfiguration;
			buildSettings = {
				ALWAYS_SEARCH_USER_PATHS = NO;
				CLANG_ANALYZER_NONNULL = YES;
				CLANG_ANALYZER_NUMBER_OBJECT_CONVERSION = YES_AGGRESSIVE;
				CLANG_CXX_LANGUAGE_STANDARD = "gnu++14";
				CLANG_CXX_LIBRARY = "libc++";
				CLANG_ENABLE_MODULES = YES;
				CLANG_ENABLE_OBJC_ARC = YES;
				CLANG_ENABLE_OBJC_WEAK = YES;
				CLANG_WARN_BLOCK_CAPTURE_AUTORELEASING = YES;
				CLANG_WARN_BOOL_CONVERSION = YES;
				CLANG_WARN_COMMA = YES;
				CLANG_WARN_CONSTANT_CONVERSION = YES;
				CLANG_WARN_DEPRECATED_OBJC_IMPLEMENTATIONS = YES;
				CLANG_WARN_DIRECT_OBJC_ISA_USAGE = YES_ERROR;
				CLANG_WARN_DOCUMENTATION_COMMENTS = YES;
				CLANG_WARN_EMPTY_BODY = YES;
				CLANG_WARN_ENUM_CONVERSION = YES;
				CLANG_WARN_INFINITE_RECURSION = YES;
				CLANG_WARN_INT_CONVERSION = YES;
				CLANG_WARN_NON_LITERAL_NULL_CONVERSION = YES;
				CLANG_WARN_OBJC_IMPLICIT_RETAIN_SELF = YES;
				CLANG_WARN_OBJC_LITERAL_CONVERSION = YES;
				CLANG_WARN_OBJC_ROOT_CLASS = YES_ERROR;
				CLANG_WARN_RANGE_LOOP_ANALYSIS = YES;
				CLANG_WARN_STRICT_PROTOTYPES = YES;
				CLANG_WARN_SUSPICIOUS_MOVE = YES;
				CLANG_WARN_UNGUARDED_AVAILABILITY = YES_AGGRESSIVE;
				CLANG_WARN_UNREACHABLE_CODE = YES;
				CLANG_WARN__DUPLICATE_METHOD_MATCH = YES;
				CODE_SIGN_IDENTITY = "iPhone Developer";
				COPY_PHASE_STRIP = NO;
				DEBUG_INFORMATION_FORMAT = "dwarf-with-dsym";
				ENABLE_NS_ASSERTIONS = NO;
				ENABLE_STRICT_OBJC_MSGSEND = YES;
				GCC_C_LANGUAGE_STANDARD = gnu11;
				GCC_NO_COMMON_BLOCKS = YES;
				GCC_WARN_64_TO_32_BIT_CONVERSION = YES;
				GCC_WARN_ABOUT_RETURN_TYPE = YES_ERROR;
				GCC_WARN_UNDECLARED_SELECTOR = YES;
				GCC_WARN_UNINITIALIZED_AUTOS = YES_AGGRESSIVE;
				GCC_WARN_UNUSED_FUNCTION = YES;
				GCC_WARN_UNUSED_VARIABLE = YES;
				IPHONEOS_DEPLOYMENT_TARGET = 12.1;
				MTL_ENABLE_DEBUG_INFO = NO;
				MTL_FAST_MATH = YES;
				SDKROOT = iphoneos;
				SWIFT_COMPILATION_MODE = wholemodule;
				SWIFT_OPTIMIZATION_LEVEL = "-O";
				VALIDATE_PRODUCT = YES;
			};
			name = Release;
		};
		2D644E3F2204B636005ACF0A /* Debug */ = {
			isa = XCBuildConfiguration;
			buildSettings = {
				ASSETCATALOG_COMPILER_APPICON_NAME = AppIcon;
				CODE_SIGN_STYLE = Automatic;
				INFOPLIST_FILE = Tipster/Info.plist;
				LD_RUNPATH_SEARCH_PATHS = (
					"$(inherited)",
					"@executable_path/Frameworks",
				);
				PRODUCT_BUNDLE_IDENTIFIER = com.damianserrato.Tipster;
				PRODUCT_NAME = "$(TARGET_NAME)";
				SWIFT_VERSION = 4.2;
				TARGETED_DEVICE_FAMILY = "1,2";
			};
			name = Debug;
		};
		2D644E402204B636005ACF0A /* Release */ = {
			isa = XCBuildConfiguration;
			buildSettings = {
				ASSETCATALOG_COMPILER_APPICON_NAME = AppIcon;
				CODE_SIGN_STYLE = Automatic;
				INFOPLIST_FILE = Tipster/Info.plist;
				LD_RUNPATH_SEARCH_PATHS = (
					"$(inherited)",
					"@executable_path/Frameworks",
				);
				PRODUCT_BUNDLE_IDENTIFIER = com.damianserrato.Tipster;
				PRODUCT_NAME = "$(TARGET_NAME)";
				SWIFT_VERSION = 4.2;
				TARGETED_DEVICE_FAMILY = "1,2";
			};
			name = Release;
		};
		2D644E422204B636005ACF0A /* Debug */ = {
			isa = XCBuildConfiguration;
			buildSettings = {
				ALWAYS_EMBED_SWIFT_STANDARD_LIBRARIES = YES;
				BUNDLE_LOADER = "$(TEST_HOST)";
				CODE_SIGN_STYLE = Automatic;
				INFOPLIST_FILE = TipsterTests/Info.plist;
				LD_RUNPATH_SEARCH_PATHS = (
					"$(inherited)",
					"@executable_path/Frameworks",
					"@loader_path/Frameworks",
				);
				PRODUCT_BUNDLE_IDENTIFIER = com.damianserrato.TipsterTests;
				PRODUCT_NAME = "$(TARGET_NAME)";
				SWIFT_VERSION = 4.2;
				TARGETED_DEVICE_FAMILY = "1,2";
				TEST_HOST = "$(BUILT_PRODUCTS_DIR)/Tipster.app/Tipster";
			};
			name = Debug;
		};
		2D644E432204B636005ACF0A /* Release */ = {
			isa = XCBuildConfiguration;
			buildSettings = {
				ALWAYS_EMBED_SWIFT_STANDARD_LIBRARIES = YES;
				BUNDLE_LOADER = "$(TEST_HOST)";
				CODE_SIGN_STYLE = Automatic;
				INFOPLIST_FILE = TipsterTests/Info.plist;
				LD_RUNPATH_SEARCH_PATHS = (
					"$(inherited)",
					"@executable_path/Frameworks",
					"@loader_path/Frameworks",
				);
				PRODUCT_BUNDLE_IDENTIFIER = com.damianserrato.TipsterTests;
				PRODUCT_NAME = "$(TARGET_NAME)";
				SWIFT_VERSION = 4.2;
				TARGETED_DEVICE_FAMILY = "1,2";
				TEST_HOST = "$(BUILT_PRODUCTS_DIR)/Tipster.app/Tipster";
			};
			name = Release;
		};
		2D644E452204B636005ACF0A /* Debug */ = {
			isa = XCBuildConfiguration;
			buildSettings = {
				ALWAYS_EMBED_SWIFT_STANDARD_LIBRARIES = YES;
				CODE_SIGN_STYLE = Automatic;
				INFOPLIST_FILE = TipsterUITests/Info.plist;
				LD_RUNPATH_SEARCH_PATHS = (
					"$(inherited)",
					"@executable_path/Frameworks",
					"@loader_path/Frameworks",
				);
				PRODUCT_BUNDLE_IDENTIFIER = com.damianserrato.TipsterUITests;
				PRODUCT_NAME = "$(TARGET_NAME)";
				SWIFT_VERSION = 4.2;
				TARGETED_DEVICE_FAMILY = "1,2";
				TEST_TARGET_NAME = Tipster;
			};
			name = Debug;
		};
		2D644E462204B636005ACF0A /* Release */ = {
			isa = XCBuildConfiguration;
			buildSettings = {
				ALWAYS_EMBED_SWIFT_STANDARD_LIBRARIES = YES;
				CODE_SIGN_STYLE = Automatic;
				INFOPLIST_FILE = TipsterUITests/Info.plist;
				LD_RUNPATH_SEARCH_PATHS = (
					"$(inherited)",
					"@executable_path/Frameworks",
					"@loader_path/Frameworks",
				);
				PRODUCT_BUNDLE_IDENTIFIER = com.damianserrato.TipsterUITests;
				PRODUCT_NAME = "$(TARGET_NAME)";
				SWIFT_VERSION = 4.2;
				TARGETED_DEVICE_FAMILY = "1,2";
				TEST_TARGET_NAME = Tipster;
			};
			name = Release;
		};
/* End XCBuildConfiguration section */

/* Begin XCConfigurationList section */
		2D644E112204B631005ACF0A /* Build configuration list for PBXProject "Tipster" */ = {
			isa = XCConfigurationList;
			buildConfigurations = (
				2D644E3C2204B636005ACF0A /* Debug */,
				2D644E3D2204B636005ACF0A /* Release */,
			);
			defaultConfigurationIsVisible = 0;
			defaultConfigurationName = Release;
		};
		2D644E3E2204B636005ACF0A /* Build configuration list for PBXNativeTarget "Tipster" */ = {
			isa = XCConfigurationList;
			buildConfigurations = (
				2D644E3F2204B636005ACF0A /* Debug */,
				2D644E402204B636005ACF0A /* Release */,
			);
			defaultConfigurationIsVisible = 0;
			defaultConfigurationName = Release;
		};
		2D644E412204B636005ACF0A /* Build configuration list for PBXNativeTarget "TipsterTests" */ = {
			isa = XCConfigurationList;
			buildConfigurations = (
				2D644E422204B636005ACF0A /* Debug */,
				2D644E432204B636005ACF0A /* Release */,
			);
			defaultConfigurationIsVisible = 0;
			defaultConfigurationName = Release;
		};
		2D644E442204B636005ACF0A /* Build configuration list for PBXNativeTarget "TipsterUITests" */ = {
			isa = XCConfigurationList;
			buildConfigurations = (
				2D644E452204B636005ACF0A /* Debug */,
				2D644E462204B636005ACF0A /* Release */,
			);
			defaultConfigurationIsVisible = 0;
			defaultConfigurationName = Release;
		};
/* End XCConfigurationList section */
	};
	rootObject = 2D644E0E2204B631005ACF0A /* Project object */;
}
